
Microsoft Visual Studio Solution File, Format Version 12.00
# Visual Studio 15
VisualStudioVersion = 15.0.28307.136
MinimumVisualStudioVersion = 10.0.40219.1
Project("{D2ABAB84-BF74-430A-B69E-9DC6D40DDA17}") = "ShipWebsite", "ShipWebsite\ShipWebsite.dwproj", "{6BE69758-6CE8-4AA1-83C9-3DB897CD6FB3}"
EndProject
Global
	GlobalSection(SolutionConfigurationPlatforms) = preSolution
		Development|Default = Development|Default
	EndGlobalSection
	GlobalSection(ProjectConfigurationPlatforms) = postSolution
		{6BE69758-6CE8-4AA1-83C9-3DB897CD6FB3}.Development|Default.ActiveCfg = Development
		{6BE69758-6CE8-4AA1-83C9-3DB897CD6FB3}.Development|Default.Build.0 = Development
		{6BE69758-6CE8-4AA1-83C9-3DB897CD6FB3}.Development|Default.Deploy.0 = Development
	EndGlobalSection
	GlobalSection(SolutionProperties) = preSolution
		HideSolutionNode = FALSE
	EndGlobalSection
	GlobalSection(ExtensibilityGlobals) = postSolution
		SolutionGuid = {B665D5F2-840B-463E-BC4C-D15232273F88}
	EndGlobalSection
EndGlobal
